
Microsoft Visual Studio Solution File, Format Version 12.00
# Visual Studio Version 16
VisualStudioVersion = 16.0.30621.155
MinimumVisualStudioVersion = 10.0.40219.1
Project("{FAE04EC0-301F-11D3-BF4B-00C04F79EFBC}") = "WpfApp4", "WpfApp4\WpfApp4.csproj", "{63CA6FBB-58D3-49CD-805E-837A635AB5AB}"
EndProject
Global
	GlobalSection(SolutionConfigurationPlatforms) = preSolution
		Debug|Any CPU = Debug|Any CPU
		Release|Any CPU = Release|Any CPU
	EndGlobalSection
	GlobalSection(ProjectConfigurationPlatforms) = postSolution
		{63CA6FBB-58D3-49CD-805E-837A635AB5AB}.Debug|Any CPU.ActiveCfg = Debug|Any CPU
		{63CA6FBB-58D3-49CD-805E-837A635AB5AB}.Debug|Any CPU.Build.0 = Debug|Any CPU
		{63CA6FBB-58D3-49CD-805E-837A635AB5AB}.Release|Any CPU.ActiveCfg = Release|Any CPU
		{63CA6FBB-58D3-49CD-805E-837A635AB5AB}.Release|Any CPU.Build.0 = Release|Any CPU
	EndGlobalSection
	GlobalSection(SolutionProperties) = preSolution
		HideSolutionNode = FALSE
	EndGlobalSection
	GlobalSection(ExtensibilityGlobals) = postSolution
		SolutionGuid = {14D88005-FEE2-4CBD-9EA0-E484196294F8}
	EndGlobalSection
EndGlobal
